
Microsoft Visual Studio Solution File, Format Version 12.00
# Visual Studio Version 16
VisualStudioVersion = 16.0.30804.86
MinimumVisualStudioVersion = 10.0.40219.1
Project("{FAE04EC0-301F-11D3-BF4B-00C04F79EFBC}") = "QuantumChess.App", "QuantumChess.App\QuantumChess.App.csproj", "{FE6A4A3B-3F85-458B-A2D8-C1F503763B8A}"
EndProject
Global
	GlobalSection(SolutionConfigurationPlatforms) = preSolution
		Debug|Any CPU = Debug|Any CPU
		Release|Any CPU = Release|Any CPU
	EndGlobalSection
	GlobalSection(ProjectConfigurationPlatforms) = postSolution
		{FE6A4A3B-3F85-458B-A2D8-C1F503763B8A}.Debug|Any CPU.ActiveCfg = Debug|Any CPU
		{FE6A4A3B-3F85-458B-A2D8-C1F503763B8A}.Debug|Any CPU.Build.0 = Debug|Any CPU
		{FE6A4A3B-3F85-458B-A2D8-C1F503763B8A}.Release|Any CPU.ActiveCfg = Release|Any CPU
		{FE6A4A3B-3F85-458B-A2D8-C1F503763B8A}.Release|Any CPU.Build.0 = Release|Any CPU
	EndGlobalSection
	GlobalSection(SolutionProperties) = preSolution
		HideSolutionNode = FALSE
	EndGlobalSection
	GlobalSection(ExtensibilityGlobals) = postSolution
		SolutionGuid = {0C2C0FA9-8E19-4DFB-96F7-3D2DB8E44035}
	EndGlobalSection
EndGlobal
